
Microsoft Visual Studio Solution File, Format Version 12.00
# Visual Studio 15
VisualStudioVersion = 15.0.28307.168
MinimumVisualStudioVersion = 10.0.40219.1
Project("{FAE04EC0-301F-11D3-BF4B-00C04F79EFBC}") = "Tersine_Cikarma2", "Tersine_Cikarma2\Tersine_Cikarma2.csproj", "{927E10F4-704F-47CE-8A27-566F429E13FD}"
EndProject
Project("{54435603-DBB4-11D2-8724-00A0C9A8B90C}") = "TersimeCikarmaSetup", "TersimeCikarmaSetup\TersimeCikarmaSetup.vdproj", "{F7D552EB-ACDF-4FE9-801A-99D911A39EAF}"
EndProject
Global
	GlobalSection(SolutionConfigurationPlatforms) = preSolution
		Debug|Any CPU = Debug|Any CPU
		Release|Any CPU = Release|Any CPU
	EndGlobalSection
	GlobalSection(ProjectConfigurationPlatforms) = postSolution
		{927E10F4-704F-47CE-8A27-566F429E13FD}.Debug|Any CPU.ActiveCfg = Debug|Any CPU
		{927E10F4-704F-47CE-8A27-566F429E13FD}.Debug|Any CPU.Build.0 = Debug|Any CPU
		{927E10F4-704F-47CE-8A27-566F429E13FD}.Release|Any CPU.ActiveCfg = Release|Any CPU
		{927E10F4-704F-47CE-8A27-566F429E13FD}.Release|Any CPU.Build.0 = Release|Any CPU
		{F7D552EB-ACDF-4FE9-801A-99D911A39EAF}.Debug|Any CPU.ActiveCfg = Debug
		{F7D552EB-ACDF-4FE9-801A-99D911A39EAF}.Release|Any CPU.ActiveCfg = Release
	EndGlobalSection
	GlobalSection(SolutionProperties) = preSolution
		HideSolutionNode = FALSE
	EndGlobalSection
	GlobalSection(ExtensibilityGlobals) = postSolution
		SolutionGuid = {A9B02CB3-3DBF-407F-A86F-6F76524379BE}
	EndGlobalSection
EndGlobal
